{
  "name": "bank_accounting",
  "version": "1.0.0",
  "lockfileVersion": 1,
  "requires": true,
  "dependencies": {
    "jquery": {
      "version": "3.3.1",
      "resolved": "https://registry.npmjs.org/jquery/-/jquery-3.3.1.tgz",
      "integrity": "sha512-Ubldcmxp5np52/ENotGxlLe6aGMvmF4R8S6tZjsP6Knsaxd/xp3Zrh50cG93lR6nPXyUFwzN3ZSOQI0wRJNdGg=="
    },
    "jquery-maskmoney": {
      "version": "3.0.2",
      "resolved": "https://registry.npmjs.org/jquery-maskmoney/-/jquery-maskmoney-3.0.2.tgz",
      "integrity": "sha1-8Y3k8GuMZq2XyuizIFcck2rGN7c=",
      "requires": {
        "jquery": ">=1.6"
      }
    },
    "sweetalert2": {
      "version": "7.28.4",
      "resolved": "https://registry.npmjs.org/sweetalert2/-/sweetalert2-7.28.4.tgz",
      "integrity": "sha512-HEAfIAPactjB8CvgsJClxT+6wv2OGh/KkgvgJ8xR28uAXtx9BUQAlws1mruaS7Jzn8gIt6esx4BEZLaZSGvBZw=="
    }
  }
}
